// !$*UTF8*$!
{
	archiveVersion = 1;
	classes = {
	};
	objectVersion = 46;
	objects = {

/* Begin PBXGroup section */
		A68A8C2A19EF1BF1001B37D5 = {
			isa = PBXGroup;
			children = (
			);
			sourceTree = "<group>";
		};
/* End PBXGroup section */

/* Begin PBXProject section */
		A68A8C2B19EF1BF1001B37D5 /* Project object */ = {
			isa = PBXProject;
			attributes = {
				LastUpgradeCheck = 0600;
			};
			buildConfigurationList = A68A8C2E19EF1BF1001B37D5 /* Build configuration list for PBXProject "viral-ngs" */;
			compatibilityVersion = "Xcode 3.2";
			developmentRegion = English;
			hasScannedForEncodings = 0;
			knownRegions = (
				en,
			);
			mainGroup = A68A8C2A19EF1BF1001B37D5;
			projectDirPath = "";
			projectRoot = "";
			targets = (
			);
		};
/* End PBXProject section */

/* Begin XCBuildConfiguration section */
		A68A8C2F19EF1BF1001B37D5 /* Debug */ = {
			isa = XCBuildConfiguration;
			buildSettings = {
			};
			name = Debug;
		};
		A68A8C3019EF1BF1001B37D5 /* Release */ = {
			isa = XCBuildConfiguration;
			buildSettings = {
			};
			name = Release;
		};
/* End XCBuildConfiguration section */

/* Begin XCConfigurationList section */
		A68A8C2E19EF1BF1001B37D5 /* Build configuration list for PBXProject "viral-ngs" */ = {
			isa = XCConfigurationList;
			buildConfigurations = (
				A68A8C2F19EF1BF1001B37D5 /* Debug */,
				A68A8C3019EF1BF1001B37D5 /* Release */,
			);
			defaultConfigurationIsVisible = 0;
			defaultConfigurationName = Release;
		};
/* End XCConfigurationList section */
	};
	rootObject = A68A8C2B19EF1BF1001B37D5 /* Project object */;
}
